
Microsoft Visual Studio Solution File, Format Version 12.00
# Visual Studio Version 17
VisualStudioVersion = 17.4.33110.190
MinimumVisualStudioVersion = 10.0.40219.1
Project("{9A19103F-16F7-4668-BE54-9A1E7A4F7556}") = "XmlDesignerCore", "XmlDesignerCore\XmlDesignerCore.csproj", "{9D2DA8E2-8833-446B-B060-3986E13139FD}"
EndProject
Global
	GlobalSection(SolutionConfigurationPlatforms) = preSolution
		Debug|Any CPU = Debug|Any CPU
		Release|Any CPU = Release|Any CPU
	EndGlobalSection
	GlobalSection(ProjectConfigurationPlatforms) = postSolution
		{9D2DA8E2-8833-446B-B060-3986E13139FD}.Debug|Any CPU.ActiveCfg = Debug|Any CPU
		{9D2DA8E2-8833-446B-B060-3986E13139FD}.Debug|Any CPU.Build.0 = Debug|Any CPU
		{9D2DA8E2-8833-446B-B060-3986E13139FD}.Release|Any CPU.ActiveCfg = Release|Any CPU
		{9D2DA8E2-8833-446B-B060-3986E13139FD}.Release|Any CPU.Build.0 = Release|Any CPU
	EndGlobalSection
	GlobalSection(SolutionProperties) = preSolution
		HideSolutionNode = FALSE
	EndGlobalSection
	GlobalSection(ExtensibilityGlobals) = postSolution
		SolutionGuid = {C83AE5CF-AD48-407E-898D-DCDE16C3CD5A}
	EndGlobalSection
EndGlobal
